
Microsoft Visual Studio Solution File, Format Version 12.00
# Visual Studio Version 16
VisualStudioVersion = 16.0.30330.147
MinimumVisualStudioVersion = 10.0.40219.1
Project("{FAE04EC0-301F-11D3-BF4B-00C04F79EFBC}") = "WF_00", "WF_00\WF_00.csproj", "{B1D570B7-E602-415E-A9C3-9BCE94B166B9}"
EndProject
Project("{FAE04EC0-301F-11D3-BF4B-00C04F79EFBC}") = "01_Designer", "01_Designer\01_Designer.csproj", "{458E3F33-7A1F-470A-8AA9-4989755019BD}"
EndProject
Project("{FAE04EC0-301F-11D3-BF4B-00C04F79EFBC}") = "02_Mouse", "02_Mouse\02_Mouse.csproj", "{9AD00DC5-89B7-4F55-A9FB-B15B811F87C7}"
EndProject
Project("{FAE04EC0-301F-11D3-BF4B-00C04F79EFBC}") = "03_Date", "03_Date\03_Date.csproj", "{A9C87360-149D-44E4-A4C1-7122D1C86DA7}"
EndProject
Project("{FAE04EC0-301F-11D3-BF4B-00C04F79EFBC}") = "04_Keyboard", "04_Keyboard\04_Keyboard.csproj", "{20ACD77E-B5A4-4F7A-95DC-F83855D952E2}"
EndProject
Project("{FAE04EC0-301F-11D3-BF4B-00C04F79EFBC}") = "05_TextBox", "05_TextBox\05_TextBox.csproj", "{4FFF5228-C55F-4A36-8C67-AC2A2052E15E}"
EndProject
Project("{FAE04EC0-301F-11D3-BF4B-00C04F79EFBC}") = "06_CheckBox", "06_CheckBox\06_CheckBox.csproj", "{57888345-6AB1-4B82-B53A-508BFFD3BFB6}"
EndProject
Global
	GlobalSection(SolutionConfigurationPlatforms) = preSolution
		Debug|Any CPU = Debug|Any CPU
		Release|Any CPU = Release|Any CPU
	EndGlobalSection
	GlobalSection(ProjectConfigurationPlatforms) = postSolution
		{B1D570B7-E602-415E-A9C3-9BCE94B166B9}.Debug|Any CPU.ActiveCfg = Debug|Any CPU
		{B1D570B7-E602-415E-A9C3-9BCE94B166B9}.Debug|Any CPU.Build.0 = Debug|Any CPU
		{B1D570B7-E602-415E-A9C3-9BCE94B166B9}.Release|Any CPU.ActiveCfg = Release|Any CPU
		{B1D570B7-E602-415E-A9C3-9BCE94B166B9}.Release|Any CPU.Build.0 = Release|Any CPU
		{458E3F33-7A1F-470A-8AA9-4989755019BD}.Debug|Any CPU.ActiveCfg = Debug|Any CPU
		{458E3F33-7A1F-470A-8AA9-4989755019BD}.Debug|Any CPU.Build.0 = Debug|Any CPU
		{458E3F33-7A1F-470A-8AA9-4989755019BD}.Release|Any CPU.ActiveCfg = Release|Any CPU
		{458E3F33-7A1F-470A-8AA9-4989755019BD}.Release|Any CPU.Build.0 = Release|Any CPU
		{9AD00DC5-89B7-4F55-A9FB-B15B811F87C7}.Debug|Any CPU.ActiveCfg = Debug|Any CPU
		{9AD00DC5-89B7-4F55-A9FB-B15B811F87C7}.Debug|Any CPU.Build.0 = Debug|Any CPU
		{9AD00DC5-89B7-4F55-A9FB-B15B811F87C7}.Release|Any CPU.ActiveCfg = Release|Any CPU
		{9AD00DC5-89B7-4F55-A9FB-B15B811F87C7}.Release|Any CPU.Build.0 = Release|Any CPU
		{A9C87360-149D-44E4-A4C1-7122D1C86DA7}.Debug|Any CPU.ActiveCfg = Debug|Any CPU
		{A9C87360-149D-44E4-A4C1-7122D1C86DA7}.Debug|Any CPU.Build.0 = Debug|Any CPU
		{A9C87360-149D-44E4-A4C1-7122D1C86DA7}.Release|Any CPU.ActiveCfg = Release|Any CPU
		{A9C87360-149D-44E4-A4C1-7122D1C86DA7}.Release|Any CPU.Build.0 = Release|Any CPU
		{20ACD77E-B5A4-4F7A-95DC-F83855D952E2}.Debug|Any CPU.ActiveCfg = Debug|Any CPU
		{20ACD77E-B5A4-4F7A-95DC-F83855D952E2}.Debug|Any CPU.Build.0 = Debug|Any CPU
		{20ACD77E-B5A4-4F7A-95DC-F83855D952E2}.Release|Any CPU.ActiveCfg = Release|Any CPU
		{20ACD77E-B5A4-4F7A-95DC-F83855D952E2}.Release|Any CPU.Build.0 = Release|Any CPU
		{4FFF5228-C55F-4A36-8C67-AC2A2052E15E}.Debug|Any CPU.ActiveCfg = Debug|Any CPU
		{4FFF5228-C55F-4A36-8C67-AC2A2052E15E}.Debug|Any CPU.Build.0 = Debug|Any CPU
		{4FFF5228-C55F-4A36-8C67-AC2A2052E15E}.Release|Any CPU.ActiveCfg = Release|Any CPU
		{4FFF5228-C55F-4A36-8C67-AC2A2052E15E}.Release|Any CPU.Build.0 = Release|Any CPU
		{57888345-6AB1-4B82-B53A-508BFFD3BFB6}.Debug|Any CPU.ActiveCfg = Debug|Any CPU
		{57888345-6AB1-4B82-B53A-508BFFD3BFB6}.Debug|Any CPU.Build.0 = Debug|Any CPU
		{57888345-6AB1-4B82-B53A-508BFFD3BFB6}.Release|Any CPU.ActiveCfg = Release|Any CPU
		{57888345-6AB1-4B82-B53A-508BFFD3BFB6}.Release|Any CPU.Build.0 = Release|Any CPU
	EndGlobalSection
	GlobalSection(SolutionProperties) = preSolution
		HideSolutionNode = FALSE
	EndGlobalSection
	GlobalSection(ExtensibilityGlobals) = postSolution
		SolutionGuid = {8F953547-6B70-48DF-BE90-B3F498E5010C}
	EndGlobalSection
EndGlobal
